
Microsoft Visual Studio Solution File, Format Version 12.00
# Visual Studio 14
VisualStudioVersion = 14.0.25420.1
MinimumVisualStudioVersion = 10.0.40219.1
Project("{FAE04EC0-301F-11D3-BF4B-00C04F79EFBC}") = "ProjectLibrarySpecManagementGeneral", "ProjectLibrarySpecManagementGeneral\ProjectLibrarySpecManagementGeneral.csproj", "{A03B187D-C1CA-4A45-B9A2-20AC51BD453B}"
EndProject
Global
	GlobalSection(SolutionConfigurationPlatforms) = preSolution
		Debug|Any CPU = Debug|Any CPU
		Release|Any CPU = Release|Any CPU
	EndGlobalSection
	GlobalSection(ProjectConfigurationPlatforms) = postSolution
		{A03B187D-C1CA-4A45-B9A2-20AC51BD453B}.Debug|Any CPU.ActiveCfg = Debug|Any CPU
		{A03B187D-C1CA-4A45-B9A2-20AC51BD453B}.Debug|Any CPU.Build.0 = Debug|Any CPU
		{A03B187D-C1CA-4A45-B9A2-20AC51BD453B}.Release|Any CPU.ActiveCfg = Release|Any CPU
		{A03B187D-C1CA-4A45-B9A2-20AC51BD453B}.Release|Any CPU.Build.0 = Release|Any CPU
	EndGlobalSection
	GlobalSection(SolutionProperties) = preSolution
		HideSolutionNode = FALSE
	EndGlobalSection
	GlobalSection(TeamFoundationVersionControl) = preSolution
		SccNumberOfProjects = 2
		SccEnterpriseProvider = {4CA58AB2-18FA-4F8D-95D4-32DDF27D184C}
		SccTeamFoundationServer = http://pmhns-pscm01:8080/tfs/sandbox
		SccLocalPath0 = .
		SccProjectUniqueName1 = ProjectLibrarySpecManagementGeneral\\ProjectLibrarySpecManagementGeneral.csproj
		SccProjectName1 = ProjectLibrarySpecManagementGeneral
		SccLocalPath1 = ProjectLibrarySpecManagementGeneral
	EndGlobalSection
EndGlobal
